# THIS IS AN AUTOGENERATED FILE. DO NOT EDIT THIS FILE DIRECTLY.
# yarn lockfile v1


axe-core@^3.5.0:
  version "3.5.5"
  resolved "https://registry.yarnpkg.com/axe-core/-/axe-core-3.5.5.tgz#84315073b53fa3c0c51676c588d59da09a192227"
  integrity sha512-5P0QZ6J5xGikH780pghEdbEKijCTrruK9KxtPZCFWUpef0f6GipO+xEZ5GKCb020mmqgbiNO6TcA55CriL784Q==

requestidlecallback@^0.3.0:
  version "0.3.0"
  resolved "https://registry.yarnpkg.com/requestidlecallback/-/requestidlecallback-0.3.0.tgz#6fb74e0733f90df3faa4838f9f6a2a5f9b742ac5"
  integrity sha1-b7dOBzP5DfP6pIOPn2oqX5t0KsU=
